// !$*UTF8*$!
{
	archiveVersion = 1;
	classes = {
	};
	objectVersion = 56;
	objects = {

/* Begin PBXBuildFile section */
		/* App Files */
		1A2B3C4D5E6F7G8H9I0J1K2L /* ClaimGuardianApp.swift in Sources */ = {isa = PBXBuildFile; fileRef = 2B3C4D5E6F7G8H9I0J1K2L3M /* ClaimGuardianApp.swift */; };
		1A2B3C4D5E6F7G8H9I0J1K2M /* ContentView.swift in Sources */ = {isa = PBXBuildFile; fileRef = 2B3C4D5E6F7G8H9I0J1K2L3N /* ContentView.swift */; };
		
		/* Core Data */
		1A2B3C4D5E6F7G8H9I0J1K2N /* CoreDataStack.swift in Sources */ = {isa = PBXBuildFile; fileRef = 2B3C4D5E6F7G8H9I0J1K2L3O /* CoreDataStack.swift */; };
		1A2B3C4D5E6F7G8H9I0J1K2O /* ClaimGuardian.xcdatamodeld in Sources */ = {isa = PBXBuildFile; fileRef = 2B3C4D5E6F7G8H9I0J1K2L3P /* ClaimGuardian.xcdatamodeld */; };
		
		/* Network */
		1A2B3C4D5E6F7G8H9I0J1K2P /* SupabaseService.swift in Sources */ = {isa = PBXBuildFile; fileRef = 2B3C4D5E6F7G8H9I0J1K2L3Q /* SupabaseService.swift */; };
		
		/* Camera & AR */
		1A2B3C4D5E6F7G8H9I0J1K2Q /* CameraController.swift in Sources */ = {isa = PBXBuildFile; fileRef = 2B3C4D5E6F7G8H9I0J1K2L3R /* CameraController.swift */; };
		1A2B3C4D5E6F7G8H9I0J1K2R /* ARMeasurementController.swift in Sources */ = {isa = PBXBuildFile; fileRef = 2B3C4D5E6F7G8H9I0J1K2L3S /* ARMeasurementController.swift */; };
		1A2B3C4D5E6F7G8H9I0J1K2S /* ARMeasurementView.swift in Sources */ = {isa = PBXBuildFile; fileRef = 2B3C4D5E6F7G8H9I0J1K2L3T /* ARMeasurementView.swift */; };
		
		/* AI Services */
		1A2B3C4D5E6F7G8H9I0J1K2T /* AIAnalysisService.swift in Sources */ = {isa = PBXBuildFile; fileRef = 2B3C4D5E6F7G8H9I0J1K2L3U /* AIAnalysisService.swift */; };
		
		/* Assets */
		1A2B3C4D5E6F7G8H9I0J1K2U /* Assets.xcassets in Resources */ = {isa = PBXBuildFile; fileRef = 2B3C4D5E6F7G8H9I0J1K2L3V /* Assets.xcassets */; };
		
		/* CloudKit */
		1A2B3C4D5E6F7G8H9I0J1K2V /* CloudKit.framework in Frameworks */ = {isa = PBXBuildFile; fileRef = 2B3C4D5E6F7G8H9I0J1K2L3W /* CloudKit.framework */; };
		
		/* ARKit */
		1A2B3C4D5E6F7G8H9I0J1K2W /* ARKit.framework in Frameworks */ = {isa = PBXBuildFile; fileRef = 2B3C4D5E6F7G8H9I0J1K2L3X /* ARKit.framework */; };
		
		/* Vision */
		1A2B3C4D5E6F7G8H9I0J1K2X /* Vision.framework in Frameworks */ = {isa = PBXBuildFile; fileRef = 2B3C4D5E6F7G8H9I0J1K2L3Y /* Vision.framework */; };
		
/* End PBXBuildFile section */

/* Begin PBXFileReference section */
		2B3C4D5E6F7G8H9I0J1K2L3A /* ClaimGuardian.app */ = {isa = PBXFileReference; explicitFileType = wrapper.application; includeInIndex = 0; path = ClaimGuardian.app; sourceTree = BUILT_PRODUCTS_DIR; };
		2B3C4D5E6F7G8H9I0J1K2L3M /* ClaimGuardianApp.swift */ = {isa = PBXFileReference; lastKnownFileType = sourcecode.swift; path = ClaimGuardianApp.swift; sourceTree = "<group>"; };
		2B3C4D5E6F7G8H9I0J1K2L3N /* ContentView.swift */ = {isa = PBXFileReference; lastKnownFileType = sourcecode.swift; path = ContentView.swift; sourceTree = "<group>"; };
		2B3C4D5E6F7G8H9I0J1K2L3O /* CoreDataStack.swift */ = {isa = PBXFileReference; lastKnownFileType = sourcecode.swift; path = CoreDataStack.swift; sourceTree = "<group>"; };
		2B3C4D5E6F7G8H9I0J1K2L3P /* ClaimGuardian.xcdatamodel */ = {isa = PBXFileReference; lastKnownFileType = wrapper.xcdatamodel; path = ClaimGuardian.xcdatamodel; sourceTree = "<group>"; };
		2B3C4D5E6F7G8H9I0J1K2L3Q /* SupabaseService.swift */ = {isa = PBXFileReference; lastKnownFileType = sourcecode.swift; path = SupabaseService.swift; sourceTree = "<group>"; };
		2B3C4D5E6F7G8H9I0J1K2L3R /* CameraController.swift */ = {isa = PBXFileReference; lastKnownFileType = sourcecode.swift; path = CameraController.swift; sourceTree = "<group>"; };
		2B3C4D5E6F7G8H9I0J1K2L3S /* ARMeasurementController.swift */ = {isa = PBXFileReference; lastKnownFileType = sourcecode.swift; path = ARMeasurementController.swift; sourceTree = "<group>"; };
		2B3C4D5E6F7G8H9I0J1K2L3T /* ARMeasurementView.swift */ = {isa = PBXFileReference; lastKnownFileType = sourcecode.swift; path = ARMeasurementView.swift; sourceTree = "<group>"; };
		2B3C4D5E6F7G8H9I0J1K2L3U /* AIAnalysisService.swift */ = {isa = PBXFileReference; lastKnownFileType = sourcecode.swift; path = AIAnalysisService.swift; sourceTree = "<group>"; };
		2B3C4D5E6F7G8H9I0J1K2L3V /* Assets.xcassets */ = {isa = PBXFileReference; lastKnownFileType = folder.assetcatalog; path = Assets.xcassets; sourceTree = "<group>"; };
		2B3C4D5E6F7G8H9I0J1K2L3W /* CloudKit.framework */ = {isa = PBXFileReference; lastKnownFileType = wrapper.framework; name = CloudKit.framework; path = System/Library/Frameworks/CloudKit.framework; sourceTree = SDKROOT; };
		2B3C4D5E6F7G8H9I0J1K2L3X /* ARKit.framework */ = {isa = PBXFileReference; lastKnownFileType = wrapper.framework; name = ARKit.framework; path = System/Library/Frameworks/ARKit.framework; sourceTree = SDKROOT; };
		2B3C4D5E6F7G8H9I0J1K2L3Y /* Vision.framework */ = {isa = PBXFileReference; lastKnownFileType = wrapper.framework; name = Vision.framework; path = System/Library/Frameworks/Vision.framework; sourceTree = SDKROOT; };
		2B3C4D5E6F7G8H9I0J1K2L3Z /* Info.plist */ = {isa = PBXFileReference; lastKnownFileType = text.plist.xml; path = Info.plist; sourceTree = "<group>"; };
		2B3C4D5E6F7G8H9I0J1K2L40 /* ClaimGuardian.entitlements */ = {isa = PBXFileReference; lastKnownFileType = text.plist.entitlements; path = ClaimGuardian.entitlements; sourceTree = "<group>"; };
/* End PBXFileReference section */

/* Begin PBXFrameworksBuildPhase section */
		2B3C4D5E6F7G8H9I0J1K2L37 /* Frameworks */ = {
			isa = PBXFrameworksBuildPhase;
			buildActionMask = 2147483647;
			files = (
				1A2B3C4D5E6F7G8H9I0J1K2V /* CloudKit.framework in Frameworks */,
				1A2B3C4D5E6F7G8H9I0J1K2W /* ARKit.framework in Frameworks */,
				1A2B3C4D5E6F7G8H9I0J1K2X /* Vision.framework in Frameworks */,
			);
			runOnlyForDeploymentPostprocessing = 0;
		};
/* End PBXFrameworksBuildPhase section */

/* Begin PBXGroup section */
		2B3C4D5E6F7G8H9I0J1K2L31 = {
			isa = PBXGroup;
			children = (
				2B3C4D5E6F7G8H9I0J1K2L3B /* ClaimGuardian */,
				2B3C4D5E6F7G8H9I0J1K2L3C /* Frameworks */,
				2B3C4D5E6F7G8H9I0J1K2L39 /* Products */,
			);
			sourceTree = "<group>";
		};
		2B3C4D5E6F7G8H9I0J1K2L39 /* Products */ = {
			isa = PBXGroup;
			children = (
				2B3C4D5E6F7G8H9I0J1K2L3A /* ClaimGuardian.app */,
			);
			name = Products;
			sourceTree = "<group>";
		};
		2B3C4D5E6F7G8H9I0J1K2L3B /* ClaimGuardian */ = {
			isa = PBXGroup;
			children = (
				2B3C4D5E6F7G8H9I0J1K2L40 /* ClaimGuardian.entitlements */,
				2B3C4D5E6F7G8H9I0J1K2L3Z /* Info.plist */,
				2B3C4D5E6F7G8H9I0J1K2L41 /* App */,
				2B3C4D5E6F7G8H9I0J1K2L42 /* Features */,
				2B3C4D5E6F7G8H9I0J1K2L43 /* Core */,
				2B3C4D5E6F7G8H9I0J1K2L44 /* Resources */,
			);
			path = ClaimGuardian;
			sourceTree = "<group>";
		};
		2B3C4D5E6F7G8H9I0J1K2L3C /* Frameworks */ = {
			isa = PBXGroup;
			children = (
				2B3C4D5E6F7G8H9I0J1K2L3W /* CloudKit.framework */,
				2B3C4D5E6F7G8H9I0J1K2L3X /* ARKit.framework */,
				2B3C4D5E6F7G8H9I0J1K2L3Y /* Vision.framework */,
			);
			name = Frameworks;
			sourceTree = "<group>";
		};
		2B3C4D5E6F7G8H9I0J1K2L41 /* App */ = {
			isa = PBXGroup;
			children = (
				2B3C4D5E6F7G8H9I0J1K2L3M /* ClaimGuardianApp.swift */,
				2B3C4D5E6F7G8H9I0J1K2L3N /* ContentView.swift */,
			);
			path = App;
			sourceTree = "<group>";
		};
		2B3C4D5E6F7G8H9I0J1K2L42 /* Features */ = {
			isa = PBXGroup;
			children = (
				2B3C4D5E6F7G8H9I0J1K2L45 /* Camera */,
				2B3C4D5E6F7G8H9I0J1K2L46 /* ARMeasurement */,
			);
			path = Features;
			sourceTree = "<group>";
		};
		2B3C4D5E6F7G8H9I0J1K2L43 /* Core */ = {
			isa = PBXGroup;
			children = (
				2B3C4D5E6F7G8H9I0J1K2L47 /* Data */,
				2B3C4D5E6F7G8H9I0J1K2L48 /* Network */,
				2B3C4D5E6F7G8H9I0J1K2L49 /* Services */,
			);
			path = Core;
			sourceTree = "<group>";
		};
		2B3C4D5E6F7G8H9I0J1K2L44 /* Resources */ = {
			isa = PBXGroup;
			children = (
				2B3C4D5E6F7G8H9I0J1K2L3V /* Assets.xcassets */,
			);
			path = Resources;
			sourceTree = "<group>";
		};
		2B3C4D5E6F7G8H9I0J1K2L45 /* Camera */ = {
			isa = PBXGroup;
			children = (
				2B3C4D5E6F7G8H9I0J1K2L3R /* CameraController.swift */,
			);
			path = Camera;
			sourceTree = "<group>";
		};
		2B3C4D5E6F7G8H9I0J1K2L46 /* ARMeasurement */ = {
			isa = PBXGroup;
			children = (
				2B3C4D5E6F7G8H9I0J1K2L3S /* ARMeasurementController.swift */,
				2B3C4D5E6F7G8H9I0J1K2L3T /* ARMeasurementView.swift */,
			);
			path = ARMeasurement;
			sourceTree = "<group>";
		};
		2B3C4D5E6F7G8H9I0J1K2L47 /* Data */ = {
			isa = PBXGroup;
			children = (
				2B3C4D5E6F7G8H9I0J1K2L3O /* CoreDataStack.swift */,
				2B3C4D5E6F7G8H9I0J1K2L3P /* ClaimGuardian.xcdatamodeld */,
			);
			path = Data;
			sourceTree = "<group>";
		};
		2B3C4D5E6F7G8H9I0J1K2L48 /* Network */ = {
			isa = PBXGroup;
			children = (
				2B3C4D5E6F7G8H9I0J1K2L3Q /* SupabaseService.swift */,
			);
			path = Network;
			sourceTree = "<group>";
		};
		2B3C4D5E6F7G8H9I0J1K2L49 /* Services */ = {
			isa = PBXGroup;
			children = (
				2B3C4D5E6F7G8H9I0J1K2L3U /* AIAnalysisService.swift */,
			);
			path = Services;
			sourceTree = "<group>";
		};
/* End PBXGroup section */

/* Begin PBXNativeTarget section */
		2B3C4D5E6F7G8H9I0J1K2L36 /* ClaimGuardian */ = {
			isa = PBXNativeTarget;
			buildConfigurationList = 2B3C4D5E6F7G8H9I0J1K2L5A /* Build configuration list for PBXNativeTarget "ClaimGuardian" */;
			buildPhases = (
				2B3C4D5E6F7G8H9I0J1K2L33 /* Sources */,
				2B3C4D5E6F7G8H9I0J1K2L34 /* Resources */,
				2B3C4D5E6F7G8H9I0J1K2L37 /* Frameworks */,
			);
			buildRules = (
			);
			dependencies = (
			);
			name = ClaimGuardian;
			productName = ClaimGuardian;
			productReference = 2B3C4D5E6F7G8H9I0J1K2L3A /* ClaimGuardian.app */;
			productType = "com.apple.product-type.application";
		};
/* End PBXNativeTarget section */

/* Begin PBXProject section */
		2B3C4D5E6F7G8H9I0J1K2L32 /* Project object */ = {
			isa = PBXProject;
			attributes = {
				BuildIndependentTargetsInParallel = 1;
				LastSwiftUpdateCheck = 1500;
				LastUpgradeCheck = 1500;
				TargetAttributes = {
					2B3C4D5E6F7G8H9I0J1K2L36 = {
						CreatedOnToolsVersion = 15.0;
					};
				};
			};
			buildConfigurationList = 2B3C4D5E6F7G8H9I0J1K2L35 /* Build configuration list for PBXProject "ClaimGuardian" */;
			compatibilityVersion = "Xcode 14.0";
			developmentRegion = en;
			hasScannedForEncodings = 0;
			knownRegions = (
				en,
				Base,
			);
			mainGroup = 2B3C4D5E6F7G8H9I0J1K2L31;
			productRefGroup = 2B3C4D5E6F7G8H9I0J1K2L39 /* Products */;
			projectDirPath = "";
			projectRoot = "";
			targets = (
				2B3C4D5E6F7G8H9I0J1K2L36 /* ClaimGuardian */,
			);
		};
/* End PBXProject section */

/* Begin PBXResourcesBuildPhase section */
		2B3C4D5E6F7G8H9I0J1K2L34 /* Resources */ = {
			isa = PBXResourcesBuildPhase;
			buildActionMask = 2147483647;
			files = (
				1A2B3C4D5E6F7G8H9I0J1K2U /* Assets.xcassets in Resources */,
			);
			runOnlyForDeploymentPostprocessing = 0;
		};
/* End PBXResourcesBuildPhase section */

/* Begin PBXSourcesBuildPhase section */
		2B3C4D5E6F7G8H9I0J1K2L33 /* Sources */ = {
			isa = PBXSourcesBuildPhase;
			buildActionMask = 2147483647;
			files = (
				1A2B3C4D5E6F7G8H9I0J1K2L /* ClaimGuardianApp.swift in Sources */,
				1A2B3C4D5E6F7G8H9I0J1K2M /* ContentView.swift in Sources */,
				1A2B3C4D5E6F7G8H9I0J1K2N /* CoreDataStack.swift in Sources */,
				1A2B3C4D5E6F7G8H9I0J1K2O /* ClaimGuardian.xcdatamodeld in Sources */,
				1A2B3C4D5E6F7G8H9I0J1K2P /* SupabaseService.swift in Sources */,
				1A2B3C4D5E6F7G8H9I0J1K2Q /* CameraController.swift in Sources */,
				1A2B3C4D5E6F7G8H9I0J1K2R /* ARMeasurementController.swift in Sources */,
				1A2B3C4D5E6F7G8H9I0J1K2S /* ARMeasurementView.swift in Sources */,
				1A2B3C4D5E6F7G8H9I0J1K2T /* AIAnalysisService.swift in Sources */,
			);
			runOnlyForDeploymentPostprocessing = 0;
		};
/* End PBXSourcesBuildPhase section */

/* Begin XCBuildConfiguration section */
		2B3C4D5E6F7G8H9I0J1K2L5B /* Debug */ = {
			isa = XCBuildConfiguration;
			buildSettings = {
				ALWAYS_SEARCH_USER_PATHS = NO;
				ASSETCATALOG_COMPILER_GENERATE_SWIFT_ASSET_SYMBOL_EXTENSIONS = YES;
				CLANG_ANALYZER_NONNULL = YES;
				CLANG_ANALYZER_NUMBER_OBJECT_CONVERSION = YES_AGGRESSIVE;
				CLANG_CXX_LANGUAGE_STANDARD = "gnu++20";
				CLANG_ENABLE_MODULES = YES;
				CLANG_ENABLE_OBJC_ARC = YES;
				CLANG_ENABLE_OBJC_WEAK = YES;
				CLANG_WARN_BLOCK_CAPTURE_AUTORELEASING = YES;
				CLANG_WARN_BOOL_CONVERSION = YES;
				CLANG_WARN_COMMA = YES;
				CLANG_WARN_CONSTANT_CONVERSION = YES;
				CLANG_WARN_DEPRECATED_OBJC_IMPLEMENTATIONS = YES;
				CLANG_WARN_DIRECT_OBJC_ISA_USAGE = YES_ERROR;
				CLANG_WARN_DOCUMENTATION_COMMENTS = YES;
				CLANG_WARN_EMPTY_BODY = YES;
				CLANG_WARN_ENUM_CONVERSION = YES;
				CLANG_WARN_INFINITE_RECURSION = YES;
				CLANG_WARN_INT_CONVERSION = YES;
				CLANG_WARN_NON_LITERAL_NULL_CONVERSION = YES;
				CLANG_WARN_OBJC_IMPLICIT_RETAIN_SELF = YES;
				CLANG_WARN_OBJC_LITERAL_CONVERSION = YES;
				CLANG_WARN_OBJC_ROOT_CLASS = YES_ERROR;
				CLANG_WARN_QUOTED_INCLUDE_IN_FRAMEWORK_HEADER = YES;
				CLANG_WARN_RANGE_LOOP_ANALYSIS = YES;
				CLANG_WARN_STRICT_PROTOTYPES = YES;
				CLANG_WARN_SUSPICIOUS_MOVE = YES;
				CLANG_WARN_UNGUARDED_AVAILABILITY = YES_AGGRESSIVE;
				CLANG_WARN_UNREACHABLE_CODE = YES;
				CLANG_WARN__DUPLICATE_METHOD_MATCH = YES;
				COPY_PHASE_STRIP = NO;
				DEBUG_INFORMATION_FORMAT = dwarf;
				ENABLE_STRICT_OBJC_MSGSEND = YES;
				ENABLE_TESTABILITY = YES;
				ENABLE_USER_SCRIPT_SANDBOXING = YES;
				GCC_C_LANGUAGE_STANDARD = gnu17;
				GCC_DYNAMIC_NO_PIC = NO;
				GCC_NO_COMMON_BLOCKS = YES;
				GCC_OPTIMIZATION_LEVEL = 0;
				GCC_PREPROCESSOR_DEFINITIONS = (
					"DEBUG=1",
					"$(inherited)",
				);
				GCC_WARN_64_TO_32_BIT_CONVERSION = YES;
				GCC_WARN_ABOUT_RETURN_TYPE = YES_ERROR;
				GCC_WARN_UNDECLARED_SELECTOR = YES;
				GCC_WARN_UNINITIALIZED_AUTOS = YES_AGGRESSIVE;
				GCC_WARN_UNUSED_FUNCTION = YES;
				GCC_WARN_UNUSED_VARIABLE = YES;
				IPHONEOS_DEPLOYMENT_TARGET = 15.0;
				LOCALIZATION_PREFERS_STRING_CATALOGS = YES;
				MTL_ENABLE_DEBUG_INFO = INCLUDE_SOURCE;
				MTL_FAST_MATH = YES;
				ONLY_ACTIVE_ARCH = YES;
				SDKROOT = iphoneos;
				SWIFT_ACTIVE_COMPILATION_CONDITIONS = "DEBUG $(inherited)";
				SWIFT_OPTIMIZATION_LEVEL = "-Onone";
			};
			name = Debug;
		};
		2B3C4D5E6F7G8H9I0J1K2L5C /* Release */ = {
			isa = XCBuildConfiguration;
			buildSettings = {
				ALWAYS_SEARCH_USER_PATHS = NO;
				ASSETCATALOG_COMPILER_GENERATE_SWIFT_ASSET_SYMBOL_EXTENSIONS = YES;
				CLANG_ANALYZER_NONNULL = YES;
				CLANG_ANALYZER_NUMBER_OBJECT_CONVERSION = YES_AGGRESSIVE;
				CLANG_CXX_LANGUAGE_STANDARD = "gnu++20";
				CLANG_ENABLE_MODULES = YES;
				CLANG_ENABLE_OBJC_ARC = YES;
				CLANG_ENABLE_OBJC_WEAK = YES;
				CLANG_WARN_BLOCK_CAPTURE_AUTORELEASING = YES;
				CLANG_WARN_BOOL_CONVERSION = YES;
				CLANG_WARN_COMMA = YES;
				CLANG_WARN_CONSTANT_CONVERSION = YES;
				CLANG_WARN_DEPRECATED_OBJC_IMPLEMENTATIONS = YES;
				CLANG_WARN_DIRECT_OBJC_ISA_USAGE = YES_ERROR;
				CLANG_WARN_DOCUMENTATION_COMMENTS = YES;
				CLANG_WARN_EMPTY_BODY = YES;
				CLANG_WARN_ENUM_CONVERSION = YES;
				CLANG_WARN_INFINITE_RECURSION = YES;
				CLANG_WARN_INT_CONVERSION = YES;
				CLANG_WARN_NON_LITERAL_NULL_CONVERSION = YES;
				CLANG_WARN_OBJC_IMPLICIT_RETAIN_SELF = YES;
				CLANG_WARN_OBJC_LITERAL_CONVERSION = YES;
				CLANG_WARN_OBJC_ROOT_CLASS = YES_ERROR;
				CLANG_WARN_QUOTED_INCLUDE_IN_FRAMEWORK_HEADER = YES;
				CLANG_WARN_RANGE_LOOP_ANALYSIS = YES;
				CLANG_WARN_STRICT_PROTOTYPES = YES;
				CLANG_WARN_SUSPICIOUS_MOVE = YES;
				CLANG_WARN_UNGUARDED_AVAILABILITY = YES_AGGRESSIVE;
				CLANG_WARN_UNREACHABLE_CODE = YES;
				CLANG_WARN__DUPLICATE_METHOD_MATCH = YES;
				COPY_PHASE_STRIP = NO;
				DEBUG_INFORMATION_FORMAT = "dwarf-with-dsym";
				ENABLE_NS_ASSERTIONS = NO;
				ENABLE_STRICT_OBJC_MSGSEND = YES;
				ENABLE_USER_SCRIPT_SANDBOXING = YES;
				GCC_C_LANGUAGE_STANDARD = gnu17;
				GCC_NO_COMMON_BLOCKS = YES;
				GCC_WARN_64_TO_32_BIT_CONVERSION = YES;
				GCC_WARN_ABOUT_RETURN_TYPE = YES_ERROR;
				GCC_WARN_UNDECLARED_SELECTOR = YES;
				GCC_WARN_UNINITIALIZED_AUTOS = YES_AGGRESSIVE;
				GCC_WARN_UNUSED_FUNCTION = YES;
				GCC_WARN_UNUSED_VARIABLE = YES;
				IPHONEOS_DEPLOYMENT_TARGET = 15.0;
				LOCALIZATION_PREFERS_STRING_CATALOGS = YES;
				MTL_ENABLE_DEBUG_INFO = NO;
				MTL_FAST_MATH = YES;
				SDKROOT = iphoneos;
				SWIFT_COMPILATION_MODE = wholemodule;
				VALIDATE_PRODUCT = YES;
			};
			name = Release;
		};
		2B3C4D5E6F7G8H9I0J1K2L5D /* Debug */ = {
			isa = XCBuildConfiguration;
			buildSettings = {
				ASSETCATALOG_COMPILER_APPICON_NAME = AppIcon;
				ASSETCATALOG_COMPILER_GLOBAL_ACCENT_COLOR_NAME = AccentColor;
				CODE_SIGN_ENTITLEMENTS = ClaimGuardian/ClaimGuardian.entitlements;
				CODE_SIGN_STYLE = Automatic;
				CURRENT_PROJECT_VERSION = 1;
				DEVELOPMENT_TEAM = YOUR_TEAM_ID;
				ENABLE_PREVIEWS = YES;
				GENERATE_INFOPLIST_FILE = YES;
				INFOPLIST_FILE = ClaimGuardian/Info.plist;
				INFOPLIST_KEY_NSCameraUsageDescription = "ClaimGuardian needs access to the camera to capture damage photos and perform AR measurements for insurance assessments.";
				INFOPLIST_KEY_NSLocationWhenInUseUsageDescription = "ClaimGuardian uses your location to accurately tag damage reports and provide location-based property information.";
				INFOPLIST_KEY_NSPhotoLibraryUsageDescription = "ClaimGuardian needs access to your photo library to save and organize damage documentation for your insurance claims.";
				INFOPLIST_KEY_UIApplicationSceneManifest_Generation = YES;
				INFOPLIST_KEY_UIApplicationSupportsIndirectInputEvents = YES;
				INFOPLIST_KEY_UILaunchScreen_Generation = YES;
				INFOPLIST_KEY_UIRequiredDeviceCapabilities = arkit;
				INFOPLIST_KEY_UISupportedInterfaceOrientations = UIInterfaceOrientationPortrait;
				INFOPLIST_KEY_UISupportedInterfaceOrientations_iPad = "UIInterfaceOrientationLandscapeLeft UIInterfaceOrientationLandscapeRight UIInterfaceOrientationPortrait UIInterfaceOrientationPortraitUpsideDown";
				IPHONEOS_DEPLOYMENT_TARGET = 15.0;
				LD_RUNPATH_SEARCH_PATHS = (
					"$(inherited)",
					"@executable_path/Frameworks",
				);
				MARKETING_VERSION = 1.0;
				PRODUCT_BUNDLE_IDENTIFIER = com.claimguardian.ios;
				PRODUCT_NAME = "$(TARGET_NAME)";
				SWIFT_EMIT_LOC_STRINGS = YES;
				SWIFT_VERSION = 5.0;
				TARGETED_DEVICE_FAMILY = "1,2";
			};
			name = Debug;
		};
		2B3C4D5E6F7G8H9I0J1K2L5E /* Release */ = {
			isa = XCBuildConfiguration;
			buildSettings = {
				ASSETCATALOG_COMPILER_APPICON_NAME = AppIcon;
				ASSETCATALOG_COMPILER_GLOBAL_ACCENT_COLOR_NAME = AccentColor;
				CODE_SIGN_ENTITLEMENTS = ClaimGuardian/ClaimGuardian.entitlements;
				CODE_SIGN_STYLE = Automatic;
				CURRENT_PROJECT_VERSION = 1;
				DEVELOPMENT_TEAM = YOUR_TEAM_ID;
				ENABLE_PREVIEWS = YES;
				GENERATE_INFOPLIST_FILE = YES;
				INFOPLIST_FILE = ClaimGuardian/Info.plist;
				INFOPLIST_KEY_NSCameraUsageDescription = "ClaimGuardian needs access to the camera to capture damage photos and perform AR measurements for insurance assessments.";
				INFOPLIST_KEY_NSLocationWhenInUseUsageDescription = "ClaimGuardian uses your location to accurately tag damage reports and provide location-based property information.";
				INFOPLIST_KEY_NSPhotoLibraryUsageDescription = "ClaimGuardian needs access to your photo library to save and organize damage documentation for your insurance claims.";
				INFOPLIST_KEY_UIApplicationSceneManifest_Generation = YES;
				INFOPLIST_KEY_UIApplicationSupportsIndirectInputEvents = YES;
				INFOPLIST_KEY_UILaunchScreen_Generation = YES;
				INFOPLIST_KEY_UIRequiredDeviceCapabilities = arkit;
				INFOPLIST_KEY_UISupportedInterfaceOrientations = UIInterfaceOrientationPortrait;
				INFOPLIST_KEY_UISupportedInterfaceOrientations_iPad = "UIInterfaceOrientationLandscapeLeft UIInterfaceOrientationLandscapeRight UIInterfaceOrientationPortrait UIInterfaceOrientationPortraitUpsideDown";
				IPHONEOS_DEPLOYMENT_TARGET = 15.0;
				LD_RUNPATH_SEARCH_PATHS = (
					"$(inherited)",
					"@executable_path/Frameworks",
				);
				MARKETING_VERSION = 1.0;
				PRODUCT_BUNDLE_IDENTIFIER = com.claimguardian.ios;
				PRODUCT_NAME = "$(TARGET_NAME)";
				SWIFT_EMIT_LOC_STRINGS = YES;
				SWIFT_VERSION = 5.0;
				TARGETED_DEVICE_FAMILY = "1,2";
			};
			name = Release;
		};
/* End XCBuildConfiguration section */

/* Begin XCConfigurationList section */
		2B3C4D5E6F7G8H9I0J1K2L35 /* Build configuration list for PBXProject "ClaimGuardian" */ = {
			isa = XCConfigurationList;
			buildConfigurations = (
				2B3C4D5E6F7G8H9I0J1K2L5B /* Debug */,
				2B3C4D5E6F7G8H9I0J1K2L5C /* Release */,
			);
			defaultConfigurationIsVisible = 0;
			defaultConfigurationName = Release;
		};
		2B3C4D5E6F7G8H9I0J1K2L5A /* Build configuration list for PBXNativeTarget "ClaimGuardian" */ = {
			isa = XCConfigurationList;
			buildConfigurations = (
				2B3C4D5E6F7G8H9I0J1K2L5D /* Debug */,
				2B3C4D5E6F7G8H9I0J1K2L5E /* Release */,
			);
			defaultConfigurationIsVisible = 0;
			defaultConfigurationName = Release;
		};
/* End XCConfigurationList section */
	};
	rootObject = 2B3C4D5E6F7G8H9I0J1K2L32 /* Project object */;
}