#
# @fileMetadata
# @purpose Records the exact versions of all installed dependencies and their transitive dependencies.
# @owner dev-ops
# @lastModifiedBy Drew Madison
# @lastModifiedDate 2025-07-03T22:34:18-04:00
# @status active
# @notes Ensures consistent installations across different environments.
#